{
  "name": "v1.0",
  "lockfileVersion": 3,
  "requires": true,
  "packages": {
    "": {
      "dependencies": {
        "typed.js": "^3.0.0"
      }
    },
    "node_modules/typed.js": {
      "version": "3.0.0",
      "resolved": "https://registry.npmjs.org/typed.js/-/typed.js-3.0.0.tgz",
      "integrity": "sha512-X4pjf0E7riZBo6j3NS21/7cJJ20osSOtD1OxlRoKfFU3GsdPuSpWlFcIKWf0k8uoKwBBrPuHGx+fKeU6GzRcKg==",
      "license": "GPL-3.0"
    }
  }
}
